
Microsoft Visual Studio Solution File, Format Version 12.00
# Visual Studio Version 17
VisualStudioVersion = 17.5.33530.505
MinimumVisualStudioVersion = 10.0.40219.1
Project("{FAE04EC0-301F-11D3-BF4B-00C04F79EFBC}") = "pokus", "pokus\pokus.csproj", "{705660B7-FC7E-444B-ACEF-3AF86F59248F}"
EndProject
Global
	GlobalSection(SolutionConfigurationPlatforms) = preSolution
		Debug|Any CPU = Debug|Any CPU
		Release|Any CPU = Release|Any CPU
	EndGlobalSection
	GlobalSection(ProjectConfigurationPlatforms) = postSolution
		{705660B7-FC7E-444B-ACEF-3AF86F59248F}.Debug|Any CPU.ActiveCfg = Debug|Any CPU
		{705660B7-FC7E-444B-ACEF-3AF86F59248F}.Debug|Any CPU.Build.0 = Debug|Any CPU
		{705660B7-FC7E-444B-ACEF-3AF86F59248F}.Release|Any CPU.ActiveCfg = Release|Any CPU
		{705660B7-FC7E-444B-ACEF-3AF86F59248F}.Release|Any CPU.Build.0 = Release|Any CPU
	EndGlobalSection
	GlobalSection(SolutionProperties) = preSolution
		HideSolutionNode = FALSE
	EndGlobalSection
	GlobalSection(ExtensibilityGlobals) = postSolution
		SolutionGuid = {A01238E9-0A95-44B6-A508-538FC570E9C9}
	EndGlobalSection
EndGlobal
