
Microsoft Visual Studio Solution File, Format Version 12.00
# Visual Studio Version 16
VisualStudioVersion = 16.0.33328.57
MinimumVisualStudioVersion = 10.0.40219.1
Project("{FAE04EC0-301F-11D3-BF4B-00C04F79EFBC}") = "Komurka", "Komurka\Komurka.csproj", "{3CF92639-4AAC-46CC-99DC-1B4D93EF48B4}"
EndProject
Global
	GlobalSection(SolutionConfigurationPlatforms) = preSolution
		Debug|Any CPU = Debug|Any CPU
		Release|Any CPU = Release|Any CPU
	EndGlobalSection
	GlobalSection(ProjectConfigurationPlatforms) = postSolution
		{3CF92639-4AAC-46CC-99DC-1B4D93EF48B4}.Debug|Any CPU.ActiveCfg = Debug|Any CPU
		{3CF92639-4AAC-46CC-99DC-1B4D93EF48B4}.Debug|Any CPU.Build.0 = Debug|Any CPU
		{3CF92639-4AAC-46CC-99DC-1B4D93EF48B4}.Release|Any CPU.ActiveCfg = Release|Any CPU
		{3CF92639-4AAC-46CC-99DC-1B4D93EF48B4}.Release|Any CPU.Build.0 = Release|Any CPU
	EndGlobalSection
	GlobalSection(SolutionProperties) = preSolution
		HideSolutionNode = FALSE
	EndGlobalSection
	GlobalSection(ExtensibilityGlobals) = postSolution
		SolutionGuid = {E04B7FFA-B0AE-463E-A5DF-011D90BBDC1B}
	EndGlobalSection
EndGlobal
