
Microsoft Visual Studio Solution File, Format Version 12.00
# Visual Studio Version 16
VisualStudioVersion = 16.0.33328.57
MinimumVisualStudioVersion = 10.0.40219.1
Project("{FAE04EC0-301F-11D3-BF4B-00C04F79EFBC}") = "01_ctverec", "01_ctverec\01_ctverec.csproj", "{AB0854F7-68E0-41BE-B557-0F1C44FF2F88}"
EndProject
Global
	GlobalSection(SolutionConfigurationPlatforms) = preSolution
		Debug|Any CPU = Debug|Any CPU
		Release|Any CPU = Release|Any CPU
	EndGlobalSection
	GlobalSection(ProjectConfigurationPlatforms) = postSolution
		{AB0854F7-68E0-41BE-B557-0F1C44FF2F88}.Debug|Any CPU.ActiveCfg = Debug|Any CPU
		{AB0854F7-68E0-41BE-B557-0F1C44FF2F88}.Debug|Any CPU.Build.0 = Debug|Any CPU
		{AB0854F7-68E0-41BE-B557-0F1C44FF2F88}.Release|Any CPU.ActiveCfg = Release|Any CPU
		{AB0854F7-68E0-41BE-B557-0F1C44FF2F88}.Release|Any CPU.Build.0 = Release|Any CPU
	EndGlobalSection
	GlobalSection(SolutionProperties) = preSolution
		HideSolutionNode = FALSE
	EndGlobalSection
	GlobalSection(ExtensibilityGlobals) = postSolution
		SolutionGuid = {3830D5EB-B414-41E6-B04D-2351923643A1}
	EndGlobalSection
EndGlobal
